
Microsoft Visual Studio Solution File, Format Version 12.00
# Visual Studio Version 17
VisualStudioVersion = 17.7.34031.279
MinimumVisualStudioVersion = 10.0.40219.1
Project("{FAE04EC0-301F-11D3-BF4B-00C04F79EFBC}") = "ex1", "ex1\ex1.csproj", "{404B8985-745F-4082-9A1D-F3840DF93E8B}"
EndProject
Project("{FAE04EC0-301F-11D3-BF4B-00C04F79EFBC}") = "ex2", "ex2\ex2.csproj", "{4534112D-2944-4C24-892D-B404134DE4BC}"
EndProject
Project("{FAE04EC0-301F-11D3-BF4B-00C04F79EFBC}") = "ex3", "ex3\ex3.csproj", "{726D2B34-BDBC-4B9B-92A2-BA3E0323ACB7}"
EndProject
Project("{FAE04EC0-301F-11D3-BF4B-00C04F79EFBC}") = "ex4", "ex4\ex4.csproj", "{1A885224-8370-404F-AEF6-9DA9FA8EB57B}"
EndProject
Project("{FAE04EC0-301F-11D3-BF4B-00C04F79EFBC}") = "ex5", "ex5\ex5.csproj", "{8B64E7C6-0399-4631-868F-1B919FD65AF8}"
EndProject
Global
	GlobalSection(SolutionConfigurationPlatforms) = preSolution
		Debug|Any CPU = Debug|Any CPU
		Release|Any CPU = Release|Any CPU
	EndGlobalSection
	GlobalSection(ProjectConfigurationPlatforms) = postSolution
		{404B8985-745F-4082-9A1D-F3840DF93E8B}.Debug|Any CPU.ActiveCfg = Debug|Any CPU
		{404B8985-745F-4082-9A1D-F3840DF93E8B}.Debug|Any CPU.Build.0 = Debug|Any CPU
		{404B8985-745F-4082-9A1D-F3840DF93E8B}.Release|Any CPU.ActiveCfg = Release|Any CPU
		{404B8985-745F-4082-9A1D-F3840DF93E8B}.Release|Any CPU.Build.0 = Release|Any CPU
		{4534112D-2944-4C24-892D-B404134DE4BC}.Debug|Any CPU.ActiveCfg = Debug|Any CPU
		{4534112D-2944-4C24-892D-B404134DE4BC}.Debug|Any CPU.Build.0 = Debug|Any CPU
		{4534112D-2944-4C24-892D-B404134DE4BC}.Release|Any CPU.ActiveCfg = Release|Any CPU
		{4534112D-2944-4C24-892D-B404134DE4BC}.Release|Any CPU.Build.0 = Release|Any CPU
		{726D2B34-BDBC-4B9B-92A2-BA3E0323ACB7}.Debug|Any CPU.ActiveCfg = Debug|Any CPU
		{726D2B34-BDBC-4B9B-92A2-BA3E0323ACB7}.Debug|Any CPU.Build.0 = Debug|Any CPU
		{726D2B34-BDBC-4B9B-92A2-BA3E0323ACB7}.Release|Any CPU.ActiveCfg = Release|Any CPU
		{726D2B34-BDBC-4B9B-92A2-BA3E0323ACB7}.Release|Any CPU.Build.0 = Release|Any CPU
		{1A885224-8370-404F-AEF6-9DA9FA8EB57B}.Debug|Any CPU.ActiveCfg = Debug|Any CPU
		{1A885224-8370-404F-AEF6-9DA9FA8EB57B}.Debug|Any CPU.Build.0 = Debug|Any CPU
		{1A885224-8370-404F-AEF6-9DA9FA8EB57B}.Release|Any CPU.ActiveCfg = Release|Any CPU
		{1A885224-8370-404F-AEF6-9DA9FA8EB57B}.Release|Any CPU.Build.0 = Release|Any CPU
		{8B64E7C6-0399-4631-868F-1B919FD65AF8}.Debug|Any CPU.ActiveCfg = Debug|Any CPU
		{8B64E7C6-0399-4631-868F-1B919FD65AF8}.Debug|Any CPU.Build.0 = Debug|Any CPU
		{8B64E7C6-0399-4631-868F-1B919FD65AF8}.Release|Any CPU.ActiveCfg = Release|Any CPU
		{8B64E7C6-0399-4631-868F-1B919FD65AF8}.Release|Any CPU.Build.0 = Release|Any CPU
	EndGlobalSection
	GlobalSection(SolutionProperties) = preSolution
		HideSolutionNode = FALSE
	EndGlobalSection
	GlobalSection(ExtensibilityGlobals) = postSolution
		SolutionGuid = {CAB9E799-FBAD-472F-B0C8-B7334ED8F88B}
	EndGlobalSection
EndGlobal
